// !$*UTF8*$!
{
	archiveVersion = 1;
	classes = {
	};
	objectVersion = 55;
	objects = {

/* Begin PBXBuildFile section */
		A925B7C72878229800FCA480 /* PresonalLikeTableViewCell.swift in Sources */ = {isa = PBXBuildFile; fileRef = A925B7C52878229800FCA480 /* PresonalLikeTableViewCell.swift */; };
		A925B7C82878229800FCA480 /* PresonalLikeTableViewCell.xib in Resources */ = {isa = PBXBuildFile; fileRef = A925B7C62878229800FCA480 /* PresonalLikeTableViewCell.xib */; };
		A92F0991286D7973005C99F8 /* LoginView.swift in Sources */ = {isa = PBXBuildFile; fileRef = A92F0990286D7973005C99F8 /* LoginView.swift */; };
		A92F6BB1285C34530090EE90 /* ShoppingList.swift in Sources */ = {isa = PBXBuildFile; fileRef = A92F6BB0285C34530090EE90 /* ShoppingList.swift */; };
		A92F6BBA285C54240090EE90 /* RefrigeModel.swift in Sources */ = {isa = PBXBuildFile; fileRef = A92F6BB9285C54240090EE90 /* RefrigeModel.swift */; };
		A92F6BC0285C79CF0090EE90 /* ContainerView.swift in Sources */ = {isa = PBXBuildFile; fileRef = A92F6BBF285C79CF0090EE90 /* ContainerView.swift */; };
		A92F6BC7285C927B0090EE90 /* RefrigeCatTableViewCell.swift in Sources */ = {isa = PBXBuildFile; fileRef = A92F6BC5285C927B0090EE90 /* RefrigeCatTableViewCell.swift */; };
		A92F6BC8285C927B0090EE90 /* RefrigeCatTableViewCell.xib in Resources */ = {isa = PBXBuildFile; fileRef = A92F6BC6285C927B0090EE90 /* RefrigeCatTableViewCell.xib */; };
		A92F6BCB285C94270090EE90 /* InCatCollectionViewCell.swift in Sources */ = {isa = PBXBuildFile; fileRef = A92F6BC9285C94270090EE90 /* InCatCollectionViewCell.swift */; };
		A92F6BCC285C94270090EE90 /* InCatCollectionViewCell.xib in Resources */ = {isa = PBXBuildFile; fileRef = A92F6BCA285C94270090EE90 /* InCatCollectionViewCell.xib */; };
		A9335AD128691DD800AE551B /* AllRecipeViewController.swift in Sources */ = {isa = PBXBuildFile; fileRef = A9335AD028691DD800AE551B /* AllRecipeViewController.swift */; };
		A9335AD42869201500AE551B /* AddRecipeViewController.swift in Sources */ = {isa = PBXBuildFile; fileRef = A9335AD22869201500AE551B /* AddRecipeViewController.swift */; };
		A9335AD52869201500AE551B /* AddRecipeViewController.xib in Resources */ = {isa = PBXBuildFile; fileRef = A9335AD32869201500AE551B /* AddRecipeViewController.xib */; };
		A9335AD72869228E00AE551B /* GoogleService-Info.plist in Resources */ = {isa = PBXBuildFile; fileRef = A9335AD62869228E00AE551B /* GoogleService-Info.plist */; };
		A9343B792868635C002E4907 /* RefrigeAllFoodViewController.swift in Sources */ = {isa = PBXBuildFile; fileRef = A9343B782868635C002E4907 /* RefrigeAllFoodViewController.swift */; };
		A9369E5028632C430063928E /* ShoppingListCollectionViewCell.swift in Sources */ = {isa = PBXBuildFile; fileRef = A9369E4F28632C430063928E /* ShoppingListCollectionViewCell.swift */; };
		A93EF94E286AEE6400EDDA4B /* LoginViewController.swift in Sources */ = {isa = PBXBuildFile; fileRef = A93EF94C286AEE6400EDDA4B /* LoginViewController.swift */; };
		A93EF94F286AEE6400EDDA4B /* LoginViewController.xib in Resources */ = {isa = PBXBuildFile; fileRef = A93EF94D286AEE6400EDDA4B /* LoginViewController.xib */; };
		A93EF952286AEEB600EDDA4B /* OnboardingViewController.swift in Sources */ = {isa = PBXBuildFile; fileRef = A93EF950286AEEB600EDDA4B /* OnboardingViewController.swift */; };
		A93EF953286AEEB600EDDA4B /* OnboardingViewController.xib in Resources */ = {isa = PBXBuildFile; fileRef = A93EF951286AEEB600EDDA4B /* OnboardingViewController.xib */; };
		A93EF955286B2A4800EDDA4B /* CreatePersonViewController.swift in Sources */ = {isa = PBXBuildFile; fileRef = A93EF954286B2A4800EDDA4B /* CreatePersonViewController.swift */; };
		A941E03C286BE51E00B603AF /* AuthManager.swift in Sources */ = {isa = PBXBuildFile; fileRef = A941E03B286BE51E00B603AF /* AuthManager.swift */; };
		A941E03E286BF45C00B603AF /* User.swift in Sources */ = {isa = PBXBuildFile; fileRef = A941E03D286BF45C00B603AF /* User.swift */; };
		A941E040286BFB9200B603AF /* HandleResultManager.swift in Sources */ = {isa = PBXBuildFile; fileRef = A941E03F286BFB9100B603AF /* HandleResultManager.swift */; };
		A944E68F285DE1210068D7DD /* RefrigeManeger.swift in Sources */ = {isa = PBXBuildFile; fileRef = A944E68E285DE1210068D7DD /* RefrigeManeger.swift */; };
		A944E691285DE1300068D7DD /* FoodManager.swift in Sources */ = {isa = PBXBuildFile; fileRef = A944E690285DE1300068D7DD /* FoodManager.swift */; };
		A944E693285DE3B70068D7DD /* UserManager.swift in Sources */ = {isa = PBXBuildFile; fileRef = A944E692285DE3B70068D7DD /* UserManager.swift */; };
		A944E696285E0EE60068D7DD /* DateHelper.swift in Sources */ = {isa = PBXBuildFile; fileRef = A944E695285E0EE60068D7DD /* DateHelper.swift */; };
		A944E698285EAB1F0068D7DD /* Food.swift in Sources */ = {isa = PBXBuildFile; fileRef = A944E697285EAB1F0068D7DD /* Food.swift */; };
		A944E69B285EB78F0068D7DD /* RecipeManager.swift in Sources */ = {isa = PBXBuildFile; fileRef = A944E69A285EB78F0068D7DD /* RecipeManager.swift */; };
		A944E69D285F0A100068D7DD /* Refrige.swift in Sources */ = {isa = PBXBuildFile; fileRef = A944E69C285F0A100068D7DD /* Refrige.swift */; };
		A948AA95285B0B7400355C59 /* AppDelegate.swift in Sources */ = {isa = PBXBuildFile; fileRef = A948AA94285B0B7400355C59 /* AppDelegate.swift */; };
		A948AA97285B0B7400355C59 /* SceneDelegate.swift in Sources */ = {isa = PBXBuildFile; fileRef = A948AA96285B0B7400355C59 /* SceneDelegate.swift */; };
		A948AA99285B0B7400355C59 /* RefrigeViewController.swift in Sources */ = {isa = PBXBuildFile; fileRef = A948AA98285B0B7400355C59 /* RefrigeViewController.swift */; };
		A948AA9C285B0B7400355C59 /* Main.storyboard in Resources */ = {isa = PBXBuildFile; fileRef = A948AA9A285B0B7400355C59 /* Main.storyboard */; };
		A948AA9E285B0B7500355C59 /* Assets.xcassets in Resources */ = {isa = PBXBuildFile; fileRef = A948AA9D285B0B7500355C59 /* Assets.xcassets */; };
		A948AAA1285B0B7500355C59 /* LaunchScreen.storyboard in Resources */ = {isa = PBXBuildFile; fileRef = A948AA9F285B0B7500355C59 /* LaunchScreen.storyboard */; };
		A948AAB1285B309E00355C59 /* RefrigeProductDetailViewController.swift in Sources */ = {isa = PBXBuildFile; fileRef = A948AAAF285B309E00355C59 /* RefrigeProductDetailViewController.swift */; };
		A948AAB2285B309E00355C59 /* ShoppingProductDetailViewController.xib in Resources */ = {isa = PBXBuildFile; fileRef = A948AAB0285B309E00355C59 /* ShoppingProductDetailViewController.xib */; };
		A948AAB6285B3B4400355C59 /* UIConstraint+Extension.swift in Sources */ = {isa = PBXBuildFile; fileRef = A948AAB5285B3B4400355C59 /* UIConstraint+Extension.swift */; };
		A948AAB8285B3C0D00355C59 /* UIFont+Extension.swift in Sources */ = {isa = PBXBuildFile; fileRef = A948AAB7285B3C0D00355C59 /* UIFont+Extension.swift */; };
		A948AABA285B3C4700355C59 /* UIColor+Extension.swift in Sources */ = {isa = PBXBuildFile; fileRef = A948AAB9285B3C4700355C59 /* UIColor+Extension.swift */; };
		A948AABC285B3C9800355C59 /* UIScreen+Extension.swift in Sources */ = {isa = PBXBuildFile; fileRef = A948AABB285B3C9800355C59 /* UIScreen+Extension.swift */; };
		A948AABE285B3CBF00355C59 /* UIView+Extension.swift in Sources */ = {isa = PBXBuildFile; fileRef = A948AABD285B3CBF00355C59 /* UIView+Extension.swift */; };
		A948AAC0285B3D0100355C59 /* UITableView+Extension.swift in Sources */ = {isa = PBXBuildFile; fileRef = A948AABF285B3D0100355C59 /* UITableView+Extension.swift */; };
		A948AAC2285B3D3400355C59 /* UICollectionVIew+Extension.swift in Sources */ = {isa = PBXBuildFile; fileRef = A948AAC1285B3D3400355C59 /* UICollectionVIew+Extension.swift */; };
		A9532C01287197BF00697A13 /* PhotoManager.swift in Sources */ = {isa = PBXBuildFile; fileRef = A9532C00287197BF00697A13 /* PhotoManager.swift */; };
		A95B6CAE286165CC003153B0 /* PersonalTableViewCell.swift in Sources */ = {isa = PBXBuildFile; fileRef = A95B6CAC286165CC003153B0 /* PersonalTableViewCell.swift */; };
		A95B6CAF286165CC003153B0 /* PersonalTableViewCell.xib in Resources */ = {isa = PBXBuildFile; fileRef = A95B6CAD286165CC003153B0 /* PersonalTableViewCell.xib */; };
		A96C5562287D0BF600F95671 /* BlockUserTableViewController.swift in Sources */ = {isa = PBXBuildFile; fileRef = A96C5561287D0BF600F95671 /* BlockUserTableViewController.swift */; };
		A96C5569287D0C5000F95671 /* BlockUserTableViewCell.swift in Sources */ = {isa = PBXBuildFile; fileRef = A96C5567287D0C4F00F95671 /* BlockUserTableViewCell.swift */; };
		A96C556A287D0C5000F95671 /* BlockUserTableViewCell.xib in Resources */ = {isa = PBXBuildFile; fileRef = A96C5568287D0C4F00F95671 /* BlockUserTableViewCell.xib */; };
		A96DA97128600949008993BB /* PersonalViewController.swift in Sources */ = {isa = PBXBuildFile; fileRef = A96DA96F28600949008993BB /* PersonalViewController.swift */; };
		A96DA979286012CC008993BB /* ShoppingListProductDetailViewController.swift in Sources */ = {isa = PBXBuildFile; fileRef = A96DA977286012CC008993BB /* ShoppingListProductDetailViewController.swift */; };
		A96DA97A286012CC008993BB /* ShoppingListProductDetailViewController.xib in Resources */ = {isa = PBXBuildFile; fileRef = A96DA978286012CC008993BB /* ShoppingListProductDetailViewController.xib */; };
		A96DA97C286035C9008993BB /* Category.swift in Sources */ = {isa = PBXBuildFile; fileRef = A96DA97B286035C9008993BB /* Category.swift */; };
		A96DA97F2860365A008993BB /* CategoryManager.swift in Sources */ = {isa = PBXBuildFile; fileRef = A96DA97E2860365A008993BB /* CategoryManager.swift */; };
		A96EA158285F50D900941433 /* ImageHelper.swift in Sources */ = {isa = PBXBuildFile; fileRef = A96EA157285F50D900941433 /* ImageHelper.swift */; };
		A96EA15E285FB99100941433 /* ShoppingListViewController.swift in Sources */ = {isa = PBXBuildFile; fileRef = A96EA15D285FB99100941433 /* ShoppingListViewController.swift */; };
		A96EA162285FBAA700941433 /* RecipeViewController.swift in Sources */ = {isa = PBXBuildFile; fileRef = A96EA161285FBAA700941433 /* RecipeViewController.swift */; };
		A97939772873E15A006D6EDD /* UIImage + Extension.swift in Sources */ = {isa = PBXBuildFile; fileRef = A97939762873E159006D6EDD /* UIImage + Extension.swift */; };
		A98D50EC2863F8BA00B326AC /* ShoppingListManager.swift in Sources */ = {isa = PBXBuildFile; fileRef = A98D50EB2863F8B900B326AC /* ShoppingListManager.swift */; };
		A98D50EE28640AB900B326AC /* ShoppingListCollectionReusableView.swift in Sources */ = {isa = PBXBuildFile; fileRef = A98D50ED28640AB900B326AC /* ShoppingListCollectionReusableView.swift */; };
		A98D50F028643F6000B326AC /* GlobalVariable.swift in Sources */ = {isa = PBXBuildFile; fileRef = A98D50EF28643F6000B326AC /* GlobalVariable.swift */; };
		A991AE7C287FB43200836785 /* NSMutableAttributedString+Extension.swift in Sources */ = {isa = PBXBuildFile; fileRef = A991AE7B287FB43100836785 /* NSMutableAttributedString+Extension.swift */; };
		A991AE7E287FB4E600836785 /* UItapGestureRecognizer+Extension.swift in Sources */ = {isa = PBXBuildFile; fileRef = A991AE7D287FB4E600836785 /* UItapGestureRecognizer+Extension.swift */; };
		A991AE82287FB56100836785 /* WebViewController.swift in Sources */ = {isa = PBXBuildFile; fileRef = A991AE81287FB56000836785 /* WebViewController.swift */; };
		A99B9E992876C80C0050F086 /* PersonalRecipe.swift in Sources */ = {isa = PBXBuildFile; fileRef = A99B9E982876C80C0050F086 /* PersonalRecipe.swift */; };
		A9C6335A2876A2540057A8E8 /* ReadRecipeViewController.swift in Sources */ = {isa = PBXBuildFile; fileRef = A9C633582876A2540057A8E8 /* ReadRecipeViewController.swift */; };
		A9C6335B2876A2540057A8E8 /* ReadRecipeViewController.xib in Resources */ = {isa = PBXBuildFile; fileRef = A9C633592876A2540057A8E8 /* ReadRecipeViewController.xib */; };
		A9D44280286EE21B00D69175 /* RecipeTableViewCell.swift in Sources */ = {isa = PBXBuildFile; fileRef = A9D4427E286EE21B00D69175 /* RecipeTableViewCell.swift */; };
		A9D44281286EE21B00D69175 /* RecipeTableViewCell.xib in Resources */ = {isa = PBXBuildFile; fileRef = A9D4427F286EE21B00D69175 /* RecipeTableViewCell.xib */; };
		A9D44283286EE93800D69175 /* RecipeModel.swift in Sources */ = {isa = PBXBuildFile; fileRef = A9D44282286EE93800D69175 /* RecipeModel.swift */; };
		A9DC8A9C2876DA31000D6BC5 /* PersonalRecipeTableViewCell.swift in Sources */ = {isa = PBXBuildFile; fileRef = A9DC8A9A2876DA31000D6BC5 /* PersonalRecipeTableViewCell.swift */; };
		A9DC8A9D2876DA31000D6BC5 /* PersonalRecipeTableViewCell.xib in Resources */ = {isa = PBXBuildFile; fileRef = A9DC8A9B2876DA31000D6BC5 /* PersonalRecipeTableViewCell.xib */; };
		A9DC8AA02876F0E6000D6BC5 /* PersonalTitleTableViewCell.swift in Sources */ = {isa = PBXBuildFile; fileRef = A9DC8A9E2876F0E6000D6BC5 /* PersonalTitleTableViewCell.swift */; };
		A9DC8AA12876F0E6000D6BC5 /* PersonalTitleTableViewCell.xib in Resources */ = {isa = PBXBuildFile; fileRef = A9DC8A9F2876F0E6000D6BC5 /* PersonalTitleTableViewCell.xib */; };
		A9ED9568286843B300FBF68A /* LoadingExtension.swift in Sources */ = {isa = PBXBuildFile; fileRef = A9ED9567286843B300FBF68A /* LoadingExtension.swift */; };
		A9ED956A286849BB00FBF68A /* ExpiredRefirgeViewController.swift in Sources */ = {isa = PBXBuildFile; fileRef = A9ED9569286849BB00FBF68A /* ExpiredRefirgeViewController.swift */; };
		A9ED956C286849DF00FBF68A /* WithinThreeDaysRefirgeViewController.swift in Sources */ = {isa = PBXBuildFile; fileRef = A9ED956B286849DF00FBF68A /* WithinThreeDaysRefirgeViewController.swift */; };
		A9ED956E28684A0300FBF68A /* WishListViewController.swift in Sources */ = {isa = PBXBuildFile; fileRef = A9ED956D28684A0300FBF68A /* WishListViewController.swift */; };
		A9ED957028684A1D00FBF68A /* InshoppingViewController.swift in Sources */ = {isa = PBXBuildFile; fileRef = A9ED956F28684A1D00FBF68A /* InshoppingViewController.swift */; };
		A9ED957228684A4A00FBF68A /* PersonalLikeREcipeViewController.swift in Sources */ = {isa = PBXBuildFile; fileRef = A9ED957128684A4A00FBF68A /* PersonalLikeREcipeViewController.swift */; };
		EDE22383516BBDB6FD3B700C /* Pods_Foodyflow.framework in Frameworks */ = {isa = PBXBuildFile; fileRef = A083A02B9F331F732AAB453C /* Pods_Foodyflow.framework */; };
/* End PBXBuildFile section */

/* Begin PBXFileReference section */
		1FA0E6F1BFFB230473E85551 /* Pods-Foodyflow.release.xcconfig */ = {isa = PBXFileReference; includeInIndex = 1; lastKnownFileType = text.xcconfig; name = "Pods-Foodyflow.release.xcconfig"; path = "Target Support Files/Pods-Foodyflow/Pods-Foodyflow.release.xcconfig"; sourceTree = "<group>"; };
		A083A02B9F331F732AAB453C /* Pods_Foodyflow.framework */ = {isa = PBXFileReference; explicitFileType = wrapper.framework; includeInIndex = 0; path = Pods_Foodyflow.framework; sourceTree = BUILT_PRODUCTS_DIR; };
		A91505DD286ADA60008DF98C /* Foodyflow.entitlements */ = {isa = PBXFileReference; lastKnownFileType = text.plist.entitlements; path = Foodyflow.entitlements; sourceTree = "<group>"; };
		A925B7C52878229800FCA480 /* PresonalLikeTableViewCell.swift */ = {isa = PBXFileReference; lastKnownFileType = sourcecode.swift; path = PresonalLikeTableViewCell.swift; sourceTree = "<group>"; };
		A925B7C62878229800FCA480 /* PresonalLikeTableViewCell.xib */ = {isa = PBXFileReference; lastKnownFileType = file.xib; path = PresonalLikeTableViewCell.xib; sourceTree = "<group>"; };
		A92F0990286D7973005C99F8 /* LoginView.swift */ = {isa = PBXFileReference; lastKnownFileType = sourcecode.swift; path = LoginView.swift; sourceTree = "<group>"; };
		A92F6BB0285C34530090EE90 /* ShoppingList.swift */ = {isa = PBXFileReference; lastKnownFileType = sourcecode.swift; path = ShoppingList.swift; sourceTree = "<group>"; };
		A92F6BB9285C54240090EE90 /* RefrigeModel.swift */ = {isa = PBXFileReference; lastKnownFileType = sourcecode.swift; path = RefrigeModel.swift; sourceTree = "<group>"; };
		A92F6BBF285C79CF0090EE90 /* ContainerView.swift */ = {isa = PBXFileReference; lastKnownFileType = sourcecode.swift; path = ContainerView.swift; sourceTree = "<group>"; };
		A92F6BC5285C927B0090EE90 /* RefrigeCatTableViewCell.swift */ = {isa = PBXFileReference; lastKnownFileType = sourcecode.swift; path = RefrigeCatTableViewCell.swift; sourceTree = "<group>"; };
		A92F6BC6285C927B0090EE90 /* RefrigeCatTableViewCell.xib */ = {isa = PBXFileReference; lastKnownFileType = file.xib; path = RefrigeCatTableViewCell.xib; sourceTree = "<group>"; };
		A92F6BC9285C94270090EE90 /* InCatCollectionViewCell.swift */ = {isa = PBXFileReference; lastKnownFileType = sourcecode.swift; path = InCatCollectionViewCell.swift; sourceTree = "<group>"; };
		A92F6BCA285C94270090EE90 /* InCatCollectionViewCell.xib */ = {isa = PBXFileReference; lastKnownFileType = file.xib; path = InCatCollectionViewCell.xib; sourceTree = "<group>"; };
		A9335AD028691DD800AE551B /* AllRecipeViewController.swift */ = {isa = PBXFileReference; lastKnownFileType = sourcecode.swift; path = AllRecipeViewController.swift; sourceTree = "<group>"; };
		A9335AD22869201500AE551B /* AddRecipeViewController.swift */ = {isa = PBXFileReference; lastKnownFileType = sourcecode.swift; path = AddRecipeViewController.swift; sourceTree = "<group>"; };
		A9335AD32869201500AE551B /* AddRecipeViewController.xib */ = {isa = PBXFileReference; lastKnownFileType = file.xib; path = AddRecipeViewController.xib; sourceTree = "<group>"; };
		A9335AD62869228E00AE551B /* GoogleService-Info.plist */ = {isa = PBXFileReference; fileEncoding = 4; lastKnownFileType = text.plist.xml; path = "GoogleService-Info.plist"; sourceTree = "<group>"; };
		A9343B782868635C002E4907 /* RefrigeAllFoodViewController.swift */ = {isa = PBXFileReference; lastKnownFileType = sourcecode.swift; path = RefrigeAllFoodViewController.swift; sourceTree = "<group>"; };
		A9369E4F28632C430063928E /* ShoppingListCollectionViewCell.swift */ = {isa = PBXFileReference; lastKnownFileType = sourcecode.swift; path = ShoppingListCollectionViewCell.swift; sourceTree = "<group>"; };
		A93EF94C286AEE6400EDDA4B /* LoginViewController.swift */ = {isa = PBXFileReference; lastKnownFileType = sourcecode.swift; path = LoginViewController.swift; sourceTree = "<group>"; };
		A93EF94D286AEE6400EDDA4B /* LoginViewController.xib */ = {isa = PBXFileReference; lastKnownFileType = file.xib; path = LoginViewController.xib; sourceTree = "<group>"; };
		A93EF950286AEEB600EDDA4B /* OnboardingViewController.swift */ = {isa = PBXFileReference; lastKnownFileType = sourcecode.swift; path = OnboardingViewController.swift; sourceTree = "<group>"; };
		A93EF951286AEEB600EDDA4B /* OnboardingViewController.xib */ = {isa = PBXFileReference; lastKnownFileType = file.xib; path = OnboardingViewController.xib; sourceTree = "<group>"; };
		A93EF954286B2A4800EDDA4B /* CreatePersonViewController.swift */ = {isa = PBXFileReference; lastKnownFileType = sourcecode.swift; path = CreatePersonViewController.swift; sourceTree = "<group>"; };
		A941E03B286BE51E00B603AF /* AuthManager.swift */ = {isa = PBXFileReference; lastKnownFileType = sourcecode.swift; path = AuthManager.swift; sourceTree = "<group>"; };
		A941E03D286BF45C00B603AF /* User.swift */ = {isa = PBXFileReference; lastKnownFileType = sourcecode.swift; path = User.swift; sourceTree = "<group>"; };
		A941E03F286BFB9100B603AF /* HandleResultManager.swift */ = {isa = PBXFileReference; lastKnownFileType = sourcecode.swift; path = HandleResultManager.swift; sourceTree = "<group>"; };
		A944E68E285DE1210068D7DD /* RefrigeManeger.swift */ = {isa = PBXFileReference; lastKnownFileType = sourcecode.swift; path = RefrigeManeger.swift; sourceTree = "<group>"; };
		A944E690285DE1300068D7DD /* FoodManager.swift */ = {isa = PBXFileReference; lastKnownFileType = sourcecode.swift; path = FoodManager.swift; sourceTree = "<group>"; };
		A944E692285DE3B70068D7DD /* UserManager.swift */ = {isa = PBXFileReference; lastKnownFileType = sourcecode.swift; path = UserManager.swift; sourceTree = "<group>"; };
		A944E695285E0EE60068D7DD /* DateHelper.swift */ = {isa = PBXFileReference; lastKnownFileType = sourcecode.swift; path = DateHelper.swift; sourceTree = "<group>"; };
		A944E697285EAB1F0068D7DD /* Food.swift */ = {isa = PBXFileReference; lastKnownFileType = sourcecode.swift; path = Food.swift; sourceTree = "<group>"; };
		A944E69A285EB78F0068D7DD /* RecipeManager.swift */ = {isa = PBXFileReference; lastKnownFileType = sourcecode.swift; path = RecipeManager.swift; sourceTree = "<group>"; };
		A944E69C285F0A100068D7DD /* Refrige.swift */ = {isa = PBXFileReference; lastKnownFileType = sourcecode.swift; path = Refrige.swift; sourceTree = "<group>"; };
		A948AA91285B0B7400355C59 /* Foodyflow.app */ = {isa = PBXFileReference; explicitFileType = wrapper.application; includeInIndex = 0; path = Foodyflow.app; sourceTree = BUILT_PRODUCTS_DIR; };
		A948AA94285B0B7400355C59 /* AppDelegate.swift */ = {isa = PBXFileReference; lastKnownFileType = sourcecode.swift; path = AppDelegate.swift; sourceTree = "<group>"; };
		A948AA96285B0B7400355C59 /* SceneDelegate.swift */ = {isa = PBXFileReference; lastKnownFileType = sourcecode.swift; path = SceneDelegate.swift; sourceTree = "<group>"; };
		A948AA98285B0B7400355C59 /* RefrigeViewController.swift */ = {isa = PBXFileReference; lastKnownFileType = sourcecode.swift; path = RefrigeViewController.swift; sourceTree = "<group>"; };
		A948AA9B285B0B7400355C59 /* Base */ = {isa = PBXFileReference; lastKnownFileType = file.storyboard; name = Base; path = Base.lproj/Main.storyboard; sourceTree = "<group>"; };
		A948AA9D285B0B7500355C59 /* Assets.xcassets */ = {isa = PBXFileReference; lastKnownFileType = folder.assetcatalog; path = Assets.xcassets; sourceTree = "<group>"; };
		A948AAA0285B0B7500355C59 /* Base */ = {isa = PBXFileReference; lastKnownFileType = file.storyboard; name = Base; path = Base.lproj/LaunchScreen.storyboard; sourceTree = "<group>"; };
		A948AAA2285B0B7500355C59 /* Info.plist */ = {isa = PBXFileReference; lastKnownFileType = text.plist.xml; path = Info.plist; sourceTree = "<group>"; };
		A948AAAF285B309E00355C59 /* RefrigeProductDetailViewController.swift */ = {isa = PBXFileReference; lastKnownFileType = sourcecode.swift; path = RefrigeProductDetailViewController.swift; sourceTree = "<group>"; };
		A948AAB0285B309E00355C59 /* ShoppingProductDetailViewController.xib */ = {isa = PBXFileReference; lastKnownFileType = file.xib; path = ShoppingProductDetailViewController.xib; sourceTree = "<group>"; };
		A948AAB5285B3B4400355C59 /* UIConstraint+Extension.swift */ = {isa = PBXFileReference; lastKnownFileType = sourcecode.swift; path = "UIConstraint+Extension.swift"; sourceTree = "<group>"; };
		A948AAB7285B3C0D00355C59 /* UIFont+Extension.swift */ = {isa = PBXFileReference; lastKnownFileType = sourcecode.swift; path = "UIFont+Extension.swift"; sourceTree = "<group>"; };
		A948AAB9285B3C4700355C59 /* UIColor+Extension.swift */ = {isa = PBXFileReference; lastKnownFileType = sourcecode.swift; path = "UIColor+Extension.swift"; sourceTree = "<group>"; };
		A948AABB285B3C9800355C59 /* UIScreen+Extension.swift */ = {isa = PBXFileReference; lastKnownFileType = sourcecode.swift; path = "UIScreen+Extension.swift"; sourceTree = "<group>"; };
		A948AABD285B3CBF00355C59 /* UIView+Extension.swift */ = {isa = PBXFileReference; lastKnownFileType = sourcecode.swift; path = "UIView+Extension.swift"; sourceTree = "<group>"; };
		A948AABF285B3D0100355C59 /* UITableView+Extension.swift */ = {isa = PBXFileReference; lastKnownFileType = sourcecode.swift; path = "UITableView+Extension.swift"; sourceTree = "<group>"; };
		A948AAC1285B3D3400355C59 /* UICollectionVIew+Extension.swift */ = {isa = PBXFileReference; lastKnownFileType = sourcecode.swift; path = "UICollectionVIew+Extension.swift"; sourceTree = "<group>"; };
		A9532C00287197BF00697A13 /* PhotoManager.swift */ = {isa = PBXFileReference; lastKnownFileType = sourcecode.swift; path = PhotoManager.swift; sourceTree = "<group>"; };
		A95B6CAC286165CC003153B0 /* PersonalTableViewCell.swift */ = {isa = PBXFileReference; lastKnownFileType = sourcecode.swift; path = PersonalTableViewCell.swift; sourceTree = "<group>"; };
		A95B6CAD286165CC003153B0 /* PersonalTableViewCell.xib */ = {isa = PBXFileReference; lastKnownFileType = file.xib; path = PersonalTableViewCell.xib; sourceTree = "<group>"; };
		A96C5561287D0BF600F95671 /* BlockUserTableViewController.swift */ = {isa = PBXFileReference; lastKnownFileType = sourcecode.swift; path = BlockUserTableViewController.swift; sourceTree = "<group>"; };
		A96C5567287D0C4F00F95671 /* BlockUserTableViewCell.swift */ = {isa = PBXFileReference; lastKnownFileType = sourcecode.swift; path = BlockUserTableViewCell.swift; sourceTree = "<group>"; };
		A96C5568287D0C4F00F95671 /* BlockUserTableViewCell.xib */ = {isa = PBXFileReference; lastKnownFileType = file.xib; path = BlockUserTableViewCell.xib; sourceTree = "<group>"; };
		A96DA96F28600949008993BB /* PersonalViewController.swift */ = {isa = PBXFileReference; lastKnownFileType = sourcecode.swift; path = PersonalViewController.swift; sourceTree = "<group>"; };
		A96DA977286012CC008993BB /* ShoppingListProductDetailViewController.swift */ = {isa = PBXFileReference; lastKnownFileType = sourcecode.swift; path = ShoppingListProductDetailViewController.swift; sourceTree = "<group>"; };
		A96DA978286012CC008993BB /* ShoppingListProductDetailViewController.xib */ = {isa = PBXFileReference; lastKnownFileType = file.xib; path = ShoppingListProductDetailViewController.xib; sourceTree = "<group>"; };
		A96DA97B286035C9008993BB /* Category.swift */ = {isa = PBXFileReference; lastKnownFileType = sourcecode.swift; path = Category.swift; sourceTree = "<group>"; };
		A96DA97E2860365A008993BB /* CategoryManager.swift */ = {isa = PBXFileReference; lastKnownFileType = sourcecode.swift; path = CategoryManager.swift; sourceTree = "<group>"; };
		A96EA157285F50D900941433 /* ImageHelper.swift */ = {isa = PBXFileReference; lastKnownFileType = sourcecode.swift; path = ImageHelper.swift; sourceTree = "<group>"; };
		A96EA15D285FB99100941433 /* ShoppingListViewController.swift */ = {isa = PBXFileReference; lastKnownFileType = sourcecode.swift; path = ShoppingListViewController.swift; sourceTree = "<group>"; };
		A96EA161285FBAA700941433 /* RecipeViewController.swift */ = {isa = PBXFileReference; lastKnownFileType = sourcecode.swift; path = RecipeViewController.swift; sourceTree = "<group>"; };
		A97939762873E159006D6EDD /* UIImage + Extension.swift */ = {isa = PBXFileReference; lastKnownFileType = sourcecode.swift; path = "UIImage + Extension.swift"; sourceTree = "<group>"; };
		A98D50EB2863F8B900B326AC /* ShoppingListManager.swift */ = {isa = PBXFileReference; lastKnownFileType = sourcecode.swift; path = ShoppingListManager.swift; sourceTree = "<group>"; };
		A98D50ED28640AB900B326AC /* ShoppingListCollectionReusableView.swift */ = {isa = PBXFileReference; lastKnownFileType = sourcecode.swift; path = ShoppingListCollectionReusableView.swift; sourceTree = "<group>"; };
		A98D50EF28643F6000B326AC /* GlobalVariable.swift */ = {isa = PBXFileReference; lastKnownFileType = sourcecode.swift; path = GlobalVariable.swift; sourceTree = "<group>"; };
		A991AE7B287FB43100836785 /* NSMutableAttributedString+Extension.swift */ = {isa = PBXFileReference; lastKnownFileType = sourcecode.swift; path = "NSMutableAttributedString+Extension.swift"; sourceTree = "<group>"; };
		A991AE7D287FB4E600836785 /* UItapGestureRecognizer+Extension.swift */ = {isa = PBXFileReference; lastKnownFileType = sourcecode.swift; path = "UItapGestureRecognizer+Extension.swift"; sourceTree = "<group>"; };
		A991AE81287FB56000836785 /* WebViewController.swift */ = {isa = PBXFileReference; lastKnownFileType = sourcecode.swift; path = WebViewController.swift; sourceTree = "<group>"; };
		A99B9E982876C80C0050F086 /* PersonalRecipe.swift */ = {isa = PBXFileReference; lastKnownFileType = sourcecode.swift; path = PersonalRecipe.swift; sourceTree = "<group>"; };
		A9C633582876A2540057A8E8 /* ReadRecipeViewController.swift */ = {isa = PBXFileReference; lastKnownFileType = sourcecode.swift; path = ReadRecipeViewController.swift; sourceTree = "<group>"; };
		A9C633592876A2540057A8E8 /* ReadRecipeViewController.xib */ = {isa = PBXFileReference; lastKnownFileType = file.xib; path = ReadRecipeViewController.xib; sourceTree = "<group>"; };
		A9D4427E286EE21B00D69175 /* RecipeTableViewCell.swift */ = {isa = PBXFileReference; lastKnownFileType = sourcecode.swift; path = RecipeTableViewCell.swift; sourceTree = "<group>"; };
		A9D4427F286EE21B00D69175 /* RecipeTableViewCell.xib */ = {isa = PBXFileReference; lastKnownFileType = file.xib; path = RecipeTableViewCell.xib; sourceTree = "<group>"; };
		A9D44282286EE93800D69175 /* RecipeModel.swift */ = {isa = PBXFileReference; lastKnownFileType = sourcecode.swift; path = RecipeModel.swift; sourceTree = "<group>"; };
		A9DC8A9A2876DA31000D6BC5 /* PersonalRecipeTableViewCell.swift */ = {isa = PBXFileReference; lastKnownFileType = sourcecode.swift; path = PersonalRecipeTableViewCell.swift; sourceTree = "<group>"; };
		A9DC8A9B2876DA31000D6BC5 /* PersonalRecipeTableViewCell.xib */ = {isa = PBXFileReference; lastKnownFileType = file.xib; path = PersonalRecipeTableViewCell.xib; sourceTree = "<group>"; };
		A9DC8A9E2876F0E6000D6BC5 /* PersonalTitleTableViewCell.swift */ = {isa = PBXFileReference; lastKnownFileType = sourcecode.swift; path = PersonalTitleTableViewCell.swift; sourceTree = "<group>"; };
		A9DC8A9F2876F0E6000D6BC5 /* PersonalTitleTableViewCell.xib */ = {isa = PBXFileReference; lastKnownFileType = file.xib; path = PersonalTitleTableViewCell.xib; sourceTree = "<group>"; };
		A9ED9567286843B300FBF68A /* LoadingExtension.swift */ = {isa = PBXFileReference; lastKnownFileType = sourcecode.swift; path = LoadingExtension.swift; sourceTree = "<group>"; };
		A9ED9569286849BB00FBF68A /* ExpiredRefirgeViewController.swift */ = {isa = PBXFileReference; lastKnownFileType = sourcecode.swift; path = ExpiredRefirgeViewController.swift; sourceTree = "<group>"; };
		A9ED956B286849DF00FBF68A /* WithinThreeDaysRefirgeViewController.swift */ = {isa = PBXFileReference; lastKnownFileType = sourcecode.swift; path = WithinThreeDaysRefirgeViewController.swift; sourceTree = "<group>"; };
		A9ED956D28684A0300FBF68A /* WishListViewController.swift */ = {isa = PBXFileReference; lastKnownFileType = sourcecode.swift; path = WishListViewController.swift; sourceTree = "<group>"; };
		A9ED956F28684A1D00FBF68A /* InshoppingViewController.swift */ = {isa = PBXFileReference; lastKnownFileType = sourcecode.swift; path = InshoppingViewController.swift; sourceTree = "<group>"; };
		A9ED957128684A4A00FBF68A /* PersonalLikeREcipeViewController.swift */ = {isa = PBXFileReference; lastKnownFileType = sourcecode.swift; path = PersonalLikeREcipeViewController.swift; sourceTree = "<group>"; };
		C26E8DACC2F7432C24AA3475 /* Pods-Foodyflow.debug.xcconfig */ = {isa = PBXFileReference; includeInIndex = 1; lastKnownFileType = text.xcconfig; name = "Pods-Foodyflow.debug.xcconfig"; path = "Target Support Files/Pods-Foodyflow/Pods-Foodyflow.debug.xcconfig"; sourceTree = "<group>"; };
/* End PBXFileReference section */

/* Begin PBXFrameworksBuildPhase section */
		A948AA8E285B0B7400355C59 /* Frameworks */ = {
			isa = PBXFrameworksBuildPhase;
			buildActionMask = 2147483647;
			files = (
				EDE22383516BBDB6FD3B700C /* Pods_Foodyflow.framework in Frameworks */,
			);
			runOnlyForDeploymentPostprocessing = 0;
		};
/* End PBXFrameworksBuildPhase section */

/* Begin PBXGroup section */
		61EC6B489FC742FC1DD455A2 /* Pods */ = {
			isa = PBXGroup;
			children = (
				C26E8DACC2F7432C24AA3475 /* Pods-Foodyflow.debug.xcconfig */,
				1FA0E6F1BFFB230473E85551 /* Pods-Foodyflow.release.xcconfig */,
			);
			path = Pods;
			sourceTree = "<group>";
		};
		A92F6BB3285C38D10090EE90 /* Refrige */ = {
			isa = PBXGroup;
			children = (
				A92F6BB4285C38F20090EE90 /* RefrigeCateTableViewCell */,
				A92F6BB5285C39410090EE90 /* InCatCollectionViewCell */,
			);
			path = Refrige;
			sourceTree = "<group>";
		};
		A92F6BB4285C38F20090EE90 /* RefrigeCateTableViewCell */ = {
			isa = PBXGroup;
			children = (
				A92F6BC5285C927B0090EE90 /* RefrigeCatTableViewCell.swift */,
				A92F6BC6285C927B0090EE90 /* RefrigeCatTableViewCell.xib */,
			);
			path = RefrigeCateTableViewCell;
			sourceTree = "<group>";
		};
		A92F6BB5285C39410090EE90 /* InCatCollectionViewCell */ = {
			isa = PBXGroup;
			children = (
				A92F6BC9285C94270090EE90 /* InCatCollectionViewCell.swift */,
				A92F6BCA285C94270090EE90 /* InCatCollectionViewCell.xib */,
			);
			path = InCatCollectionViewCell;
			sourceTree = "<group>";
		};
		A92F6BB8285C4DFB0090EE90 /* Manager */ = {
			isa = PBXGroup;
			children = (
				A98D50EA2863F87900B326AC /* ShoppingList */,
				A96DA97D28603648008993BB /* Category */,
				A944E699285EB7750068D7DD /* Recipe */,
				A944E68D285DDFBF0068D7DD /* Refrige */,
				A944E68C285DDFB70068D7DD /* Account */,
				A944E68B285DDFA60068D7DD /* Food */,
				A941E03F286BFB9100B603AF /* HandleResultManager.swift */,
				A9532C00287197BF00697A13 /* PhotoManager.swift */,
			);
			path = Manager;
			sourceTree = "<group>";
		};
		A92F6BCD285C946C0090EE90 /* ShopplingList */ = {
			isa = PBXGroup;
			children = (
				A9369E4F28632C430063928E /* ShoppingListCollectionViewCell.swift */,
				A98D50ED28640AB900B326AC /* ShoppingListCollectionReusableView.swift */,
			);
			path = ShopplingList;
			sourceTree = "<group>";
		};
		A93EF94B286AEBC400EDDA4B /* Login */ = {
			isa = PBXGroup;
			children = (
				A93EF94C286AEE6400EDDA4B /* LoginViewController.swift */,
				A93EF94D286AEE6400EDDA4B /* LoginViewController.xib */,
				A93EF950286AEEB600EDDA4B /* OnboardingViewController.swift */,
				A93EF951286AEEB600EDDA4B /* OnboardingViewController.xib */,
				A93EF954286B2A4800EDDA4B /* CreatePersonViewController.swift */,
				A991AE81287FB56000836785 /* WebViewController.swift */,
			);
			path = Login;
			sourceTree = "<group>";
		};
		A944E68B285DDFA60068D7DD /* Food */ = {
			isa = PBXGroup;
			children = (
				A944E690285DE1300068D7DD /* FoodManager.swift */,
			);
			path = Food;
			sourceTree = "<group>";
		};
		A944E68C285DDFB70068D7DD /* Account */ = {
			isa = PBXGroup;
			children = (
				A944E692285DE3B70068D7DD /* UserManager.swift */,
				A941E03B286BE51E00B603AF /* AuthManager.swift */,
			);
			path = Account;
			sourceTree = "<group>";
		};
		A944E68D285DDFBF0068D7DD /* Refrige */ = {
			isa = PBXGroup;
			children = (
				A944E68E285DE1210068D7DD /* RefrigeManeger.swift */,
			);
			path = Refrige;
			sourceTree = "<group>";
		};
		A944E694285E0ED10068D7DD /* Helper */ = {
			isa = PBXGroup;
			children = (
				A944E695285E0EE60068D7DD /* DateHelper.swift */,
				A96EA157285F50D900941433 /* ImageHelper.swift */,
			);
			path = Helper;
			sourceTree = "<group>";
		};
		A944E699285EB7750068D7DD /* Recipe */ = {
			isa = PBXGroup;
			children = (
				A944E69A285EB78F0068D7DD /* RecipeManager.swift */,
			);
			path = Recipe;
			sourceTree = "<group>";
		};
		A948AA88285B0B7400355C59 = {
			isa = PBXGroup;
			children = (
				A948AA93285B0B7400355C59 /* Foodyflow */,
				A948AA92285B0B7400355C59 /* Products */,
				61EC6B489FC742FC1DD455A2 /* Pods */,
				D34D5DAADC47A17E2531A2E3 /* Frameworks */,
			);
			sourceTree = "<group>";
		};
		A948AA92285B0B7400355C59 /* Products */ = {
			isa = PBXGroup;
			children = (
				A948AA91285B0B7400355C59 /* Foodyflow.app */,
			);
			name = Products;
			sourceTree = "<group>";
		};
		A948AA93285B0B7400355C59 /* Foodyflow */ = {
			isa = PBXGroup;
			children = (
				A91505DD286ADA60008DF98C /* Foodyflow.entitlements */,
				A9ED95662868438900FBF68A /* Protocol */,
				A944E694285E0ED10068D7DD /* Helper */,
				A92F6BB8285C4DFB0090EE90 /* Manager */,
				A948AAAE285B2CE500355C59 /* Extension */,
				A948AAAD285B2CBF00355C59 /* Controller */,
				A948AAAC285B2CB800355C59 /* Model */,
				A948AAAB285B2CB000355C59 /* View */,
				A948AA94285B0B7400355C59 /* AppDelegate.swift */,
				A948AA96285B0B7400355C59 /* SceneDelegate.swift */,
				A948AA9A285B0B7400355C59 /* Main.storyboard */,
				A948AA9D285B0B7500355C59 /* Assets.xcassets */,
				A948AA9F285B0B7500355C59 /* LaunchScreen.storyboard */,
				A948AAA2285B0B7500355C59 /* Info.plist */,
				A9335AD62869228E00AE551B /* GoogleService-Info.plist */,
			);
			path = Foodyflow;
			sourceTree = "<group>";
		};
		A948AAAB285B2CB000355C59 /* View */ = {
			isa = PBXGroup;
			children = (
				A9D44279286EE07900D69175 /* Recipe */,
				A976912B28615B0C00F43702 /* Personal */,
				A92F6BCD285C946C0090EE90 /* ShopplingList */,
				A92F6BB3285C38D10090EE90 /* Refrige */,
				A92F6BBF285C79CF0090EE90 /* ContainerView.swift */,
				A92F0990286D7973005C99F8 /* LoginView.swift */,
			);
			path = View;
			sourceTree = "<group>";
		};
		A948AAAC285B2CB800355C59 /* Model */ = {
			isa = PBXGroup;
			children = (
				A9D44282286EE93800D69175 /* RecipeModel.swift */,
				A92F6BB0285C34530090EE90 /* ShoppingList.swift */,
				A92F6BB9285C54240090EE90 /* RefrigeModel.swift */,
				A944E69C285F0A100068D7DD /* Refrige.swift */,
				A944E697285EAB1F0068D7DD /* Food.swift */,
				A96DA97B286035C9008993BB /* Category.swift */,
				A98D50EF28643F6000B326AC /* GlobalVariable.swift */,
				A941E03D286BF45C00B603AF /* User.swift */,
				A99B9E982876C80C0050F086 /* PersonalRecipe.swift */,
			);
			path = Model;
			sourceTree = "<group>";
		};
		A948AAAD285B2CBF00355C59 /* Controller */ = {
			isa = PBXGroup;
			children = (
				A93EF94B286AEBC400EDDA4B /* Login */,
				A96EA15C285FB8BA00941433 /* Personal */,
				A96EA15B285FB8B700941433 /* Refrige */,
				A96EA15A285FB8B100941433 /* ShoppingList */,
				A96EA159285FB8AC00941433 /* Recipe */,
			);
			path = Controller;
			sourceTree = "<group>";
		};
		A948AAAE285B2CE500355C59 /* Extension */ = {
			isa = PBXGroup;
			children = (
				A948AAB5285B3B4400355C59 /* UIConstraint+Extension.swift */,
				A948AAB7285B3C0D00355C59 /* UIFont+Extension.swift */,
				A948AAB9285B3C4700355C59 /* UIColor+Extension.swift */,
				A948AABB285B3C9800355C59 /* UIScreen+Extension.swift */,
				A948AABD285B3CBF00355C59 /* UIView+Extension.swift */,
				A948AABF285B3D0100355C59 /* UITableView+Extension.swift */,
				A948AAC1285B3D3400355C59 /* UICollectionVIew+Extension.swift */,
				A97939762873E159006D6EDD /* UIImage + Extension.swift */,
				A991AE7B287FB43100836785 /* NSMutableAttributedString+Extension.swift */,
				A991AE7D287FB4E600836785 /* UItapGestureRecognizer+Extension.swift */,
			);
			path = Extension;
			sourceTree = "<group>";
		};
		A96DA97D28603648008993BB /* Category */ = {
			isa = PBXGroup;
			children = (
				A96DA97E2860365A008993BB /* CategoryManager.swift */,
			);
			path = Category;
			sourceTree = "<group>";
		};
		A96EA159285FB8AC00941433 /* Recipe */ = {
			isa = PBXGroup;
			children = (
				A96EA161285FBAA700941433 /* RecipeViewController.swift */,
				A9ED957128684A4A00FBF68A /* PersonalLikeREcipeViewController.swift */,
				A9335AD028691DD800AE551B /* AllRecipeViewController.swift */,
				A9335AD22869201500AE551B /* AddRecipeViewController.swift */,
				A9335AD32869201500AE551B /* AddRecipeViewController.xib */,
				A9C633582876A2540057A8E8 /* ReadRecipeViewController.swift */,
				A9C633592876A2540057A8E8 /* ReadRecipeViewController.xib */,
			);
			path = Recipe;
			sourceTree = "<group>";
		};
		A96EA15A285FB8B100941433 /* ShoppingList */ = {
			isa = PBXGroup;
			children = (
				A96DA977286012CC008993BB /* ShoppingListProductDetailViewController.swift */,
				A96DA978286012CC008993BB /* ShoppingListProductDetailViewController.xib */,
				A96EA15D285FB99100941433 /* ShoppingListViewController.swift */,
				A9ED956D28684A0300FBF68A /* WishListViewController.swift */,
				A9ED956F28684A1D00FBF68A /* InshoppingViewController.swift */,
			);
			path = ShoppingList;
			sourceTree = "<group>";
		};
		A96EA15B285FB8B700941433 /* Refrige */ = {
			isa = PBXGroup;
			children = (
				A948AAAF285B309E00355C59 /* RefrigeProductDetailViewController.swift */,
				A948AAB0285B309E00355C59 /* ShoppingProductDetailViewController.xib */,
				A948AA98285B0B7400355C59 /* RefrigeViewController.swift */,
				A9ED9569286849BB00FBF68A /* ExpiredRefirgeViewController.swift */,
				A9ED956B286849DF00FBF68A /* WithinThreeDaysRefirgeViewController.swift */,
				A9343B782868635C002E4907 /* RefrigeAllFoodViewController.swift */,
			);
			path = Refrige;
			sourceTree = "<group>";
		};
		A96EA15C285FB8BA00941433 /* Personal */ = {
			isa = PBXGroup;
			children = (
				A96DA96F28600949008993BB /* PersonalViewController.swift */,
				A96C5561287D0BF600F95671 /* BlockUserTableViewController.swift */,
			);
			path = Personal;
			sourceTree = "<group>";
		};
		A976912B28615B0C00F43702 /* Personal */ = {
			isa = PBXGroup;
			children = (
				A95B6CAC286165CC003153B0 /* PersonalTableViewCell.swift */,
				A95B6CAD286165CC003153B0 /* PersonalTableViewCell.xib */,
				A96C5567287D0C4F00F95671 /* BlockUserTableViewCell.swift */,
				A96C5568287D0C4F00F95671 /* BlockUserTableViewCell.xib */,
			);
			path = Personal;
			sourceTree = "<group>";
		};
		A98D50EA2863F87900B326AC /* ShoppingList */ = {
			isa = PBXGroup;
			children = (
				A98D50EB2863F8B900B326AC /* ShoppingListManager.swift */,
			);
			path = ShoppingList;
			sourceTree = "<group>";
		};
		A9D44279286EE07900D69175 /* Recipe */ = {
			isa = PBXGroup;
			children = (
				A9D4427E286EE21B00D69175 /* RecipeTableViewCell.swift */,
				A9D4427F286EE21B00D69175 /* RecipeTableViewCell.xib */,
				A9DC8A9A2876DA31000D6BC5 /* PersonalRecipeTableViewCell.swift */,
				A9DC8A9B2876DA31000D6BC5 /* PersonalRecipeTableViewCell.xib */,
				A9DC8A9E2876F0E6000D6BC5 /* PersonalTitleTableViewCell.swift */,
				A9DC8A9F2876F0E6000D6BC5 /* PersonalTitleTableViewCell.xib */,
				A925B7C52878229800FCA480 /* PresonalLikeTableViewCell.swift */,
				A925B7C62878229800FCA480 /* PresonalLikeTableViewCell.xib */,
			);
			path = Recipe;
			sourceTree = "<group>";
		};
		A9ED95662868438900FBF68A /* Protocol */ = {
			isa = PBXGroup;
			children = (
				A9ED9567286843B300FBF68A /* LoadingExtension.swift */,
			);
			path = Protocol;
			sourceTree = "<group>";
		};
		D34D5DAADC47A17E2531A2E3 /* Frameworks */ = {
			isa = PBXGroup;
			children = (
				A083A02B9F331F732AAB453C /* Pods_Foodyflow.framework */,
			);
			name = Frameworks;
			sourceTree = "<group>";
		};
/* End PBXGroup section */

/* Begin PBXNativeTarget section */
		A948AA90285B0B7400355C59 /* Foodyflow */ = {
			isa = PBXNativeTarget;
			buildConfigurationList = A948AAA5285B0B7500355C59 /* Build configuration list for PBXNativeTarget "Foodyflow" */;
			buildPhases = (
				E6957027594FDE403552AD51 /* [CP] Check Pods Manifest.lock */,
				A948AA8D285B0B7400355C59 /* Sources */,
				A948AA8E285B0B7400355C59 /* Frameworks */,
				A948AA8F285B0B7400355C59 /* Resources */,
				FAA96E2A2F40E9E746890BE4 /* [CP] Embed Pods Frameworks */,
				A948AAAA285B25CF00355C59 /* Run SwiftLint */,
			);
			buildRules = (
			);
			dependencies = (
			);
			name = Foodyflow;
			productName = Foodyflow;
			productReference = A948AA91285B0B7400355C59 /* Foodyflow.app */;
			productType = "com.apple.product-type.application";
		};
/* End PBXNativeTarget section */

/* Begin PBXProject section */
		A948AA89285B0B7400355C59 /* Project object */ = {
			isa = PBXProject;
			attributes = {
				BuildIndependentTargetsInParallel = 1;
				LastSwiftUpdateCheck = 1330;
				LastUpgradeCheck = 1330;
				TargetAttributes = {
					A948AA90285B0B7400355C59 = {
						CreatedOnToolsVersion = 13.3;
					};
				};
			};
			buildConfigurationList = A948AA8C285B0B7400355C59 /* Build configuration list for PBXProject "Foodyflow" */;
			compatibilityVersion = "Xcode 13.0";
			developmentRegion = en;
			hasScannedForEncodings = 0;
			knownRegions = (
				en,
				Base,
			);
			mainGroup = A948AA88285B0B7400355C59;
			productRefGroup = A948AA92285B0B7400355C59 /* Products */;
			projectDirPath = "";
			projectRoot = "";
			targets = (
				A948AA90285B0B7400355C59 /* Foodyflow */,
			);
		};
/* End PBXProject section */

/* Begin PBXResourcesBuildPhase section */
		A948AA8F285B0B7400355C59 /* Resources */ = {
			isa = PBXResourcesBuildPhase;
			buildActionMask = 2147483647;
			files = (
				A9D44281286EE21B00D69175 /* RecipeTableViewCell.xib in Resources */,
				A948AAA1285B0B7500355C59 /* LaunchScreen.storyboard in Resources */,
				A948AAB2285B309E00355C59 /* ShoppingProductDetailViewController.xib in Resources */,
				A93EF94F286AEE6400EDDA4B /* LoginViewController.xib in Resources */,
				A96DA97A286012CC008993BB /* ShoppingListProductDetailViewController.xib in Resources */,
				A9335AD52869201500AE551B /* AddRecipeViewController.xib in Resources */,
				A925B7C82878229800FCA480 /* PresonalLikeTableViewCell.xib in Resources */,
				A9C6335B2876A2540057A8E8 /* ReadRecipeViewController.xib in Resources */,
				A96C556A287D0C5000F95671 /* BlockUserTableViewCell.xib in Resources */,
				A9DC8A9D2876DA31000D6BC5 /* PersonalRecipeTableViewCell.xib in Resources */,
				A9DC8AA12876F0E6000D6BC5 /* PersonalTitleTableViewCell.xib in Resources */,
				A92F6BCC285C94270090EE90 /* InCatCollectionViewCell.xib in Resources */,
				A948AA9E285B0B7500355C59 /* Assets.xcassets in Resources */,
				A948AA9C285B0B7400355C59 /* Main.storyboard in Resources */,
				A9335AD72869228E00AE551B /* GoogleService-Info.plist in Resources */,
				A92F6BC8285C927B0090EE90 /* RefrigeCatTableViewCell.xib in Resources */,
				A95B6CAF286165CC003153B0 /* PersonalTableViewCell.xib in Resources */,
				A93EF953286AEEB600EDDA4B /* OnboardingViewController.xib in Resources */,
			);
			runOnlyForDeploymentPostprocessing = 0;
		};
/* End PBXResourcesBuildPhase section */

/* Begin PBXShellScriptBuildPhase section */
		A948AAAA285B25CF00355C59 /* Run SwiftLint */ = {
			isa = PBXShellScriptBuildPhase;
			buildActionMask = 2147483647;
			files = (
			);
			inputFileListPaths = (
			);
			inputPaths = (
			);
			name = "Run SwiftLint";
			outputFileListPaths = (
			);
			outputPaths = (
			);
			runOnlyForDeploymentPostprocessing = 0;
			shellPath = /bin/sh;
			shellScript = "# Type a script or drag a script file from your workspace to insert its path.\n\"${PODS_ROOT}/SwiftLint/swiftlint\"\n";
		};
		E6957027594FDE403552AD51 /* [CP] Check Pods Manifest.lock */ = {
			isa = PBXShellScriptBuildPhase;
			buildActionMask = 2147483647;
			files = (
			);
			inputFileListPaths = (
			);
			inputPaths = (
				"${PODS_PODFILE_DIR_PATH}/Podfile.lock",
				"${PODS_ROOT}/Manifest.lock",
			);
			name = "[CP] Check Pods Manifest.lock";
			outputFileListPaths = (
			);
			outputPaths = (
				"$(DERIVED_FILE_DIR)/Pods-Foodyflow-checkManifestLockResult.txt",
			);
			runOnlyForDeploymentPostprocessing = 0;
			shellPath = /bin/sh;
			shellScript = "diff \"${PODS_PODFILE_DIR_PATH}/Podfile.lock\" \"${PODS_ROOT}/Manifest.lock\" > /dev/null\nif [ $? != 0 ] ; then\n    # print error to STDERR\n    echo \"error: The sandbox is not in sync with the Podfile.lock. Run 'pod install' or update your CocoaPods installation.\" >&2\n    exit 1\nfi\n# This output is used by Xcode 'outputs' to avoid re-running this script phase.\necho \"SUCCESS\" > \"${SCRIPT_OUTPUT_FILE_0}\"\n";
			showEnvVarsInLog = 0;
		};
		FAA96E2A2F40E9E746890BE4 /* [CP] Embed Pods Frameworks */ = {
			isa = PBXShellScriptBuildPhase;
			buildActionMask = 2147483647;
			files = (
			);
			inputFileListPaths = (
				"${PODS_ROOT}/Target Support Files/Pods-Foodyflow/Pods-Foodyflow-frameworks-${CONFIGURATION}-input-files.xcfilelist",
			);
			name = "[CP] Embed Pods Frameworks";
			outputFileListPaths = (
				"${PODS_ROOT}/Target Support Files/Pods-Foodyflow/Pods-Foodyflow-frameworks-${CONFIGURATION}-output-files.xcfilelist",
			);
			runOnlyForDeploymentPostprocessing = 0;
			shellPath = /bin/sh;
			shellScript = "\"${PODS_ROOT}/Target Support Files/Pods-Foodyflow/Pods-Foodyflow-frameworks.sh\"\n";
			showEnvVarsInLog = 0;
		};
/* End PBXShellScriptBuildPhase section */

/* Begin PBXSourcesBuildPhase section */
		A948AA8D285B0B7400355C59 /* Sources */ = {
			isa = PBXSourcesBuildPhase;
			buildActionMask = 2147483647;
			files = (
				A948AABA285B3C4700355C59 /* UIColor+Extension.swift in Sources */,
				A92F6BB1285C34530090EE90 /* ShoppingList.swift in Sources */,
				A95B6CAE286165CC003153B0 /* PersonalTableViewCell.swift in Sources */,
				A9D44280286EE21B00D69175 /* RecipeTableViewCell.swift in Sources */,
				A96EA15E285FB99100941433 /* ShoppingListViewController.swift in Sources */,
				A9ED956A286849BB00FBF68A /* ExpiredRefirgeViewController.swift in Sources */,
				A944E69D285F0A100068D7DD /* Refrige.swift in Sources */,
				A98D50EE28640AB900B326AC /* ShoppingListCollectionReusableView.swift in Sources */,
				A97939772873E15A006D6EDD /* UIImage + Extension.swift in Sources */,
				A9ED957228684A4A00FBF68A /* PersonalLikeREcipeViewController.swift in Sources */,
				A944E693285DE3B70068D7DD /* UserManager.swift in Sources */,
				A96DA97F2860365A008993BB /* CategoryManager.swift in Sources */,
				A944E68F285DE1210068D7DD /* RefrigeManeger.swift in Sources */,
				A93EF955286B2A4800EDDA4B /* CreatePersonViewController.swift in Sources */,
				A9335AD128691DD800AE551B /* AllRecipeViewController.swift in Sources */,
				A96C5562287D0BF600F95671 /* BlockUserTableViewController.swift in Sources */,
				A948AABC285B3C9800355C59 /* UIScreen+Extension.swift in Sources */,
				A944E696285E0EE60068D7DD /* DateHelper.swift in Sources */,
				A9343B792868635C002E4907 /* RefrigeAllFoodViewController.swift in Sources */,
				A9369E5028632C430063928E /* ShoppingListCollectionViewCell.swift in Sources */,
				A96C5569287D0C5000F95671 /* BlockUserTableViewCell.swift in Sources */,
				A948AAB8285B3C0D00355C59 /* UIFont+Extension.swift in Sources */,
				A9C6335A2876A2540057A8E8 /* ReadRecipeViewController.swift in Sources */,
				A941E040286BFB9200B603AF /* HandleResultManager.swift in Sources */,
				A948AABE285B3CBF00355C59 /* UIView+Extension.swift in Sources */,
				A93EF94E286AEE6400EDDA4B /* LoginViewController.swift in Sources */,
				A948AA99285B0B7400355C59 /* RefrigeViewController.swift in Sources */,
				A92F6BBA285C54240090EE90 /* RefrigeModel.swift in Sources */,
				A9335AD42869201500AE551B /* AddRecipeViewController.swift in Sources */,
				A948AA95285B0B7400355C59 /* AppDelegate.swift in Sources */,
				A96DA97128600949008993BB /* PersonalViewController.swift in Sources */,
				A941E03C286BE51E00B603AF /* AuthManager.swift in Sources */,
				A925B7C72878229800FCA480 /* PresonalLikeTableViewCell.swift in Sources */,
				A92F0991286D7973005C99F8 /* LoginView.swift in Sources */,
				A948AA97285B0B7400355C59 /* SceneDelegate.swift in Sources */,
				A948AAC0285B3D0100355C59 /* UITableView+Extension.swift in Sources */,
				A9DC8AA02876F0E6000D6BC5 /* PersonalTitleTableViewCell.swift in Sources */,
				A944E691285DE1300068D7DD /* FoodManager.swift in Sources */,
				A93EF952286AEEB600EDDA4B /* OnboardingViewController.swift in Sources */,
				A99B9E992876C80C0050F086 /* PersonalRecipe.swift in Sources */,
				A991AE7C287FB43200836785 /* NSMutableAttributedString+Extension.swift in Sources */,
				A98D50F028643F6000B326AC /* GlobalVariable.swift in Sources */,
				A9DC8A9C2876DA31000D6BC5 /* PersonalRecipeTableViewCell.swift in Sources */,
				A944E698285EAB1F0068D7DD /* Food.swift in Sources */,
				A948AAB1285B309E00355C59 /* RefrigeProductDetailViewController.swift in Sources */,
				A9ED9568286843B300FBF68A /* LoadingExtension.swift in Sources */,
				A96DA979286012CC008993BB /* ShoppingListProductDetailViewController.swift in Sources */,
				A948AAB6285B3B4400355C59 /* UIConstraint+Extension.swift in Sources */,
				A9ED956C286849DF00FBF68A /* WithinThreeDaysRefirgeViewController.swift in Sources */,
				A98D50EC2863F8BA00B326AC /* ShoppingListManager.swift in Sources */,
				A944E69B285EB78F0068D7DD /* RecipeManager.swift in Sources */,
				A9ED957028684A1D00FBF68A /* InshoppingViewController.swift in Sources */,
				A9D44283286EE93800D69175 /* RecipeModel.swift in Sources */,
				A92F6BC0285C79CF0090EE90 /* ContainerView.swift in Sources */,
				A941E03E286BF45C00B603AF /* User.swift in Sources */,
				A948AAC2285B3D3400355C59 /* UICollectionVIew+Extension.swift in Sources */,
				A92F6BCB285C94270090EE90 /* InCatCollectionViewCell.swift in Sources */,
				A991AE7E287FB4E600836785 /* UItapGestureRecognizer+Extension.swift in Sources */,
				A9532C01287197BF00697A13 /* PhotoManager.swift in Sources */,
				A96DA97C286035C9008993BB /* Category.swift in Sources */,
				A92F6BC7285C927B0090EE90 /* RefrigeCatTableViewCell.swift in Sources */,
				A96EA158285F50D900941433 /* ImageHelper.swift in Sources */,
				A9ED956E28684A0300FBF68A /* WishListViewController.swift in Sources */,
				A991AE82287FB56100836785 /* WebViewController.swift in Sources */,
				A96EA162285FBAA700941433 /* RecipeViewController.swift in Sources */,
			);
			runOnlyForDeploymentPostprocessing = 0;
		};
/* End PBXSourcesBuildPhase section */

/* Begin PBXVariantGroup section */
		A948AA9A285B0B7400355C59 /* Main.storyboard */ = {
			isa = PBXVariantGroup;
			children = (
				A948AA9B285B0B7400355C59 /* Base */,
			);
			name = Main.storyboard;
			sourceTree = "<group>";
		};
		A948AA9F285B0B7500355C59 /* LaunchScreen.storyboard */ = {
			isa = PBXVariantGroup;
			children = (
				A948AAA0285B0B7500355C59 /* Base */,
			);
			name = LaunchScreen.storyboard;
			sourceTree = "<group>";
		};
/* End PBXVariantGroup section */

/* Begin XCBuildConfiguration section */
		A948AAA3285B0B7500355C59 /* Debug */ = {
			isa = XCBuildConfiguration;
			buildSettings = {
				ALWAYS_SEARCH_USER_PATHS = NO;
				CLANG_ANALYZER_NONNULL = YES;
				CLANG_ANALYZER_NUMBER_OBJECT_CONVERSION = YES_AGGRESSIVE;
				CLANG_CXX_LANGUAGE_STANDARD = "gnu++17";
				CLANG_ENABLE_MODULES = YES;
				CLANG_ENABLE_OBJC_ARC = YES;
				CLANG_ENABLE_OBJC_WEAK = YES;
				CLANG_WARN_BLOCK_CAPTURE_AUTORELEASING = YES;
				CLANG_WARN_BOOL_CONVERSION = YES;
				CLANG_WARN_COMMA = YES;
				CLANG_WARN_CONSTANT_CONVERSION = YES;
				CLANG_WARN_DEPRECATED_OBJC_IMPLEMENTATIONS = YES;
				CLANG_WARN_DIRECT_OBJC_ISA_USAGE = YES_ERROR;
				CLANG_WARN_DOCUMENTATION_COMMENTS = YES;
				CLANG_WARN_EMPTY_BODY = YES;
				CLANG_WARN_ENUM_CONVERSION = YES;
				CLANG_WARN_INFINITE_RECURSION = YES;
				CLANG_WARN_INT_CONVERSION = YES;
				CLANG_WARN_NON_LITERAL_NULL_CONVERSION = YES;
				CLANG_WARN_OBJC_IMPLICIT_RETAIN_SELF = YES;
				CLANG_WARN_OBJC_LITERAL_CONVERSION = YES;
				CLANG_WARN_OBJC_ROOT_CLASS = YES_ERROR;
				CLANG_WARN_QUOTED_INCLUDE_IN_FRAMEWORK_HEADER = YES;
				CLANG_WARN_RANGE_LOOP_ANALYSIS = YES;
				CLANG_WARN_STRICT_PROTOTYPES = YES;
				CLANG_WARN_SUSPICIOUS_MOVE = YES;
				CLANG_WARN_UNGUARDED_AVAILABILITY = YES_AGGRESSIVE;
				CLANG_WARN_UNREACHABLE_CODE = YES;
				CLANG_WARN__DUPLICATE_METHOD_MATCH = YES;
				COPY_PHASE_STRIP = NO;
				DEBUG_INFORMATION_FORMAT = dwarf;
				ENABLE_STRICT_OBJC_MSGSEND = YES;
				ENABLE_TESTABILITY = YES;
				GCC_C_LANGUAGE_STANDARD = gnu11;
				GCC_DYNAMIC_NO_PIC = NO;
				GCC_NO_COMMON_BLOCKS = YES;
				GCC_OPTIMIZATION_LEVEL = 0;
				GCC_PREPROCESSOR_DEFINITIONS = (
					"DEBUG=1",
					"$(inherited)",
				);
				GCC_WARN_64_TO_32_BIT_CONVERSION = YES;
				GCC_WARN_ABOUT_RETURN_TYPE = YES_ERROR;
				GCC_WARN_UNDECLARED_SELECTOR = YES;
				GCC_WARN_UNINITIALIZED_AUTOS = YES_AGGRESSIVE;
				GCC_WARN_UNUSED_FUNCTION = YES;
				GCC_WARN_UNUSED_VARIABLE = YES;
				IPHONEOS_DEPLOYMENT_TARGET = 14.0;
				MTL_ENABLE_DEBUG_INFO = INCLUDE_SOURCE;
				MTL_FAST_MATH = YES;
				ONLY_ACTIVE_ARCH = YES;
				SDKROOT = iphoneos;
				SWIFT_ACTIVE_COMPILATION_CONDITIONS = DEBUG;
				SWIFT_OPTIMIZATION_LEVEL = "-Onone";
			};
			name = Debug;
		};
		A948AAA4285B0B7500355C59 /* Release */ = {
			isa = XCBuildConfiguration;
			buildSettings = {
				ALWAYS_SEARCH_USER_PATHS = NO;
				CLANG_ANALYZER_NONNULL = YES;
				CLANG_ANALYZER_NUMBER_OBJECT_CONVERSION = YES_AGGRESSIVE;
				CLANG_CXX_LANGUAGE_STANDARD = "gnu++17";
				CLANG_ENABLE_MODULES = YES;
				CLANG_ENABLE_OBJC_ARC = YES;
				CLANG_ENABLE_OBJC_WEAK = YES;
				CLANG_WARN_BLOCK_CAPTURE_AUTORELEASING = YES;
				CLANG_WARN_BOOL_CONVERSION = YES;
				CLANG_WARN_COMMA = YES;
				CLANG_WARN_CONSTANT_CONVERSION = YES;
				CLANG_WARN_DEPRECATED_OBJC_IMPLEMENTATIONS = YES;
				CLANG_WARN_DIRECT_OBJC_ISA_USAGE = YES_ERROR;
				CLANG_WARN_DOCUMENTATION_COMMENTS = YES;
				CLANG_WARN_EMPTY_BODY = YES;
				CLANG_WARN_ENUM_CONVERSION = YES;
				CLANG_WARN_INFINITE_RECURSION = YES;
				CLANG_WARN_INT_CONVERSION = YES;
				CLANG_WARN_NON_LITERAL_NULL_CONVERSION = YES;
				CLANG_WARN_OBJC_IMPLICIT_RETAIN_SELF = YES;
				CLANG_WARN_OBJC_LITERAL_CONVERSION = YES;
				CLANG_WARN_OBJC_ROOT_CLASS = YES_ERROR;
				CLANG_WARN_QUOTED_INCLUDE_IN_FRAMEWORK_HEADER = YES;
				CLANG_WARN_RANGE_LOOP_ANALYSIS = YES;
				CLANG_WARN_STRICT_PROTOTYPES = YES;
				CLANG_WARN_SUSPICIOUS_MOVE = YES;
				CLANG_WARN_UNGUARDED_AVAILABILITY = YES_AGGRESSIVE;
				CLANG_WARN_UNREACHABLE_CODE = YES;
				CLANG_WARN__DUPLICATE_METHOD_MATCH = YES;
				COPY_PHASE_STRIP = NO;
				DEBUG_INFORMATION_FORMAT = "dwarf-with-dsym";
				ENABLE_NS_ASSERTIONS = NO;
				ENABLE_STRICT_OBJC_MSGSEND = YES;
				GCC_C_LANGUAGE_STANDARD = gnu11;
				GCC_NO_COMMON_BLOCKS = YES;
				GCC_WARN_64_TO_32_BIT_CONVERSION = YES;
				GCC_WARN_ABOUT_RETURN_TYPE = YES_ERROR;
				GCC_WARN_UNDECLARED_SELECTOR = YES;
				GCC_WARN_UNINITIALIZED_AUTOS = YES_AGGRESSIVE;
				GCC_WARN_UNUSED_FUNCTION = YES;
				GCC_WARN_UNUSED_VARIABLE = YES;
				IPHONEOS_DEPLOYMENT_TARGET = 14.0;
				MTL_ENABLE_DEBUG_INFO = NO;
				MTL_FAST_MATH = YES;
				SDKROOT = iphoneos;
				SWIFT_COMPILATION_MODE = wholemodule;
				SWIFT_OPTIMIZATION_LEVEL = "-O";
				VALIDATE_PRODUCT = YES;
			};
			name = Release;
		};
		A948AAA6285B0B7500355C59 /* Debug */ = {
			isa = XCBuildConfiguration;
			baseConfigurationReference = C26E8DACC2F7432C24AA3475 /* Pods-Foodyflow.debug.xcconfig */;
			buildSettings = {
				ASSETCATALOG_COMPILER_APPICON_NAME = AppIcon;
				ASSETCATALOG_COMPILER_GLOBAL_ACCENT_COLOR_NAME = AccentColor;
				CODE_SIGN_ENTITLEMENTS = Foodyflow/Foodyflow.entitlements;
				CODE_SIGN_STYLE = Automatic;
				CURRENT_PROJECT_VERSION = 11;
				DEVELOPMENT_TEAM = HXP4AVQY66;
				GENERATE_INFOPLIST_FILE = YES;
				INFOPLIST_FILE = Foodyflow/Info.plist;
				INFOPLIST_KEY_NSCameraUsageDescription = "Please provide Camera privacy for setting profile photo, adding pictures to refriges, shoppingList and upload your recipes";
				INFOPLIST_KEY_NSPhotoLibraryAddUsageDescription = "Please provide Photo Library Addition Privacy for upload your refirges or shoppingList or recipe or personalPhtots to your photo library";
				INFOPLIST_KEY_NSPhotoLibraryUsageDescription = "Please provide Photo Library Privacy for setting profile photo, adding pictures to refriges, shoppingList and upload your recipes";
				INFOPLIST_KEY_UIApplicationSupportsIndirectInputEvents = YES;
				INFOPLIST_KEY_UILaunchStoryboardName = LaunchScreen;
				INFOPLIST_KEY_UIMainStoryboardFile = Main;
				INFOPLIST_KEY_UISupportedInterfaceOrientations = UIInterfaceOrientationPortrait;
				INFOPLIST_KEY_UISupportedInterfaceOrientations_iPad = "UIInterfaceOrientationPortrait UIInterfaceOrientationPortraitUpsideDown UIInterfaceOrientationLandscapeLeft UIInterfaceOrientationLandscapeRight";
				INFOPLIST_KEY_UISupportedInterfaceOrientations_iPhone = UIInterfaceOrientationPortrait;
				INFOPLIST_KEY_UIUserInterfaceStyle = Light;
				LD_RUNPATH_SEARCH_PATHS = (
					"$(inherited)",
					"@executable_path/Frameworks",
				);
				MARKETING_VERSION = 1.0.0;
				PRODUCT_BUNDLE_IDENTIFIER = com.YenCheng.foodyflow;
				PRODUCT_NAME = "$(TARGET_NAME)";
				SWIFT_EMIT_LOC_STRINGS = YES;
				SWIFT_VERSION = 5.0;
				TARGETED_DEVICE_FAMILY = 1;
			};
			name = Debug;
		};
		A948AAA7285B0B7500355C59 /* Release */ = {
			isa = XCBuildConfiguration;
			baseConfigurationReference = 1FA0E6F1BFFB230473E85551 /* Pods-Foodyflow.release.xcconfig */;
			buildSettings = {
				ASSETCATALOG_COMPILER_APPICON_NAME = AppIcon;
				ASSETCATALOG_COMPILER_GLOBAL_ACCENT_COLOR_NAME = AccentColor;
				CODE_SIGN_ENTITLEMENTS = Foodyflow/Foodyflow.entitlements;
				CODE_SIGN_STYLE = Automatic;
				CURRENT_PROJECT_VERSION = 11;
				DEVELOPMENT_TEAM = HXP4AVQY66;
				GENERATE_INFOPLIST_FILE = YES;
				INFOPLIST_FILE = Foodyflow/Info.plist;
				INFOPLIST_KEY_NSCameraUsageDescription = "Please provide Camera privacy for setting profile photo, adding pictures to refriges, shoppingList and upload your recipes";
				INFOPLIST_KEY_NSPhotoLibraryAddUsageDescription = "Please provide Photo Library Addition Privacy for upload your refirges or shoppingList or recipe or personalPhtots to your photo library";
				INFOPLIST_KEY_NSPhotoLibraryUsageDescription = "Please provide Photo Library Privacy for setting profile photo, adding pictures to refriges, shoppingList and upload your recipes";
				INFOPLIST_KEY_UIApplicationSupportsIndirectInputEvents = YES;
				INFOPLIST_KEY_UILaunchStoryboardName = LaunchScreen;
				INFOPLIST_KEY_UIMainStoryboardFile = Main;
				INFOPLIST_KEY_UISupportedInterfaceOrientations = UIInterfaceOrientationPortrait;
				INFOPLIST_KEY_UISupportedInterfaceOrientations_iPad = "UIInterfaceOrientationPortrait UIInterfaceOrientationPortraitUpsideDown UIInterfaceOrientationLandscapeLeft UIInterfaceOrientationLandscapeRight";
				INFOPLIST_KEY_UISupportedInterfaceOrientations_iPhone = UIInterfaceOrientationPortrait;
				INFOPLIST_KEY_UIUserInterfaceStyle = Light;
				LD_RUNPATH_SEARCH_PATHS = (
					"$(inherited)",
					"@executable_path/Frameworks",
				);
				MARKETING_VERSION = 1.0.0;
				PRODUCT_BUNDLE_IDENTIFIER = com.YenCheng.foodyflow;
				PRODUCT_NAME = "$(TARGET_NAME)";
				SWIFT_EMIT_LOC_STRINGS = YES;
				SWIFT_VERSION = 5.0;
				TARGETED_DEVICE_FAMILY = 1;
			};
			name = Release;
		};
/* End XCBuildConfiguration section */

/* Begin XCConfigurationList section */
		A948AA8C285B0B7400355C59 /* Build configuration list for PBXProject "Foodyflow" */ = {
			isa = XCConfigurationList;
			buildConfigurations = (
				A948AAA3285B0B7500355C59 /* Debug */,
				A948AAA4285B0B7500355C59 /* Release */,
			);
			defaultConfigurationIsVisible = 0;
			defaultConfigurationName = Release;
		};
		A948AAA5285B0B7500355C59 /* Build configuration list for PBXNativeTarget "Foodyflow" */ = {
			isa = XCConfigurationList;
			buildConfigurations = (
				A948AAA6285B0B7500355C59 /* Debug */,
				A948AAA7285B0B7500355C59 /* Release */,
			);
			defaultConfigurationIsVisible = 0;
			defaultConfigurationName = Release;
		};
/* End XCConfigurationList section */
	};
	rootObject = A948AA89285B0B7400355C59 /* Project object */;
}
